
Microsoft Visual Studio Solution File, Format Version 12.00
# Visual Studio 15
VisualStudioVersion = 15.0.27004.2006
MinimumVisualStudioVersion = 10.0.40219.1
Project("{FAE04EC0-301F-11D3-BF4B-00C04F79EFBC}") = "sqlBazaCsharp", "sqlBazaCsharp\sqlBazaCsharp.csproj", "{488942F2-6504-48CB-B9AD-6AA15F1D7F5F}"
EndProject
Global
	GlobalSection(SolutionConfigurationPlatforms) = preSolution
		Debug|Any CPU = Debug|Any CPU
		Release|Any CPU = Release|Any CPU
	EndGlobalSection
	GlobalSection(ProjectConfigurationPlatforms) = postSolution
		{488942F2-6504-48CB-B9AD-6AA15F1D7F5F}.Debug|Any CPU.ActiveCfg = Debug|Any CPU
		{488942F2-6504-48CB-B9AD-6AA15F1D7F5F}.Debug|Any CPU.Build.0 = Debug|Any CPU
		{488942F2-6504-48CB-B9AD-6AA15F1D7F5F}.Release|Any CPU.ActiveCfg = Release|Any CPU
		{488942F2-6504-48CB-B9AD-6AA15F1D7F5F}.Release|Any CPU.Build.0 = Release|Any CPU
	EndGlobalSection
	GlobalSection(SolutionProperties) = preSolution
		HideSolutionNode = FALSE
	EndGlobalSection
	GlobalSection(ExtensibilityGlobals) = postSolution
		SolutionGuid = {F3FFADF6-DF50-4E14-8685-3194F265D4EB}
	EndGlobalSection
EndGlobal
